
Microsoft Visual Studio Solution File, Format Version 12.00
# Visual Studio Version 16
VisualStudioVersion = 16.0.29306.81
MinimumVisualStudioVersion = 10.0.40219.1
Project("{FAE04EC0-301F-11D3-BF4B-00C04F79EFBC}") = "Cmqtt", "Cmqtt\Cmqtt.csproj", "{878077AC-0A97-457A-B80B-29E8039A9E65}"
EndProject
Global
	GlobalSection(SolutionConfigurationPlatforms) = preSolution
		Debug|Any CPU = Debug|Any CPU
		Release|Any CPU = Release|Any CPU
	EndGlobalSection
	GlobalSection(ProjectConfigurationPlatforms) = postSolution
		{878077AC-0A97-457A-B80B-29E8039A9E65}.Debug|Any CPU.ActiveCfg = Debug|Any CPU
		{878077AC-0A97-457A-B80B-29E8039A9E65}.Debug|Any CPU.Build.0 = Debug|Any CPU
		{878077AC-0A97-457A-B80B-29E8039A9E65}.Release|Any CPU.ActiveCfg = Release|Any CPU
		{878077AC-0A97-457A-B80B-29E8039A9E65}.Release|Any CPU.Build.0 = Release|Any CPU
	EndGlobalSection
	GlobalSection(SolutionProperties) = preSolution
		HideSolutionNode = FALSE
	EndGlobalSection
	GlobalSection(ExtensibilityGlobals) = postSolution
		SolutionGuid = {24259B49-0485-44D2-A212-0D7C8C3FE530}
	EndGlobalSection
EndGlobal
